
Microsoft Visual Studio Solution File, Format Version 12.00
# Visual Studio Version 17
VisualStudioVersion = 17.0.31903.59
MinimumVisualStudioVersion = 10.0.40219.1
Project("{FAE04EC0-301F-11D3-BF4B-00C04F79EFBC}") = "Chess", "Chess\Chess.csproj", "{FF1E28A3-036D-48C5-B2B0-B9FD2223EF22}"
EndProject
Global
	GlobalSection(SolutionConfigurationPlatforms) = preSolution
		Debug|Any CPU = Debug|Any CPU
		Release|Any CPU = Release|Any CPU
	EndGlobalSection
	GlobalSection(ProjectConfigurationPlatforms) = postSolution
		{FF1E28A3-036D-48C5-B2B0-B9FD2223EF22}.Debug|Any CPU.ActiveCfg = Debug|Any CPU
		{FF1E28A3-036D-48C5-B2B0-B9FD2223EF22}.Debug|Any CPU.Build.0 = Debug|Any CPU
		{FF1E28A3-036D-48C5-B2B0-B9FD2223EF22}.Release|Any CPU.ActiveCfg = Release|Any CPU
		{FF1E28A3-036D-48C5-B2B0-B9FD2223EF22}.Release|Any CPU.Build.0 = Release|Any CPU
	EndGlobalSection
	GlobalSection(SolutionProperties) = preSolution
		HideSolutionNode = FALSE
	EndGlobalSection
	GlobalSection(ExtensibilityGlobals) = postSolution
		SolutionGuid = {ED3E298F-F0CC-4B19-B649-6369761CDE3E}
	EndGlobalSection
EndGlobal
